NeoBundleLock vim-vinegar ac893960c324d879b6923a4c1abaea352d8caeb5
NeoBundleLock vim-startify f8f90f57042b97b2e2d874542462994b5351f003
NeoBundleLock vim-colorschemes 81c6dd7ce3169e5ad9ba92422ba6e1ce5b074e36
NeoBundleLock syntastic e4c94d67a9ba7f35397b4a2f0daa8f346a84a8b9
NeoBundleLock neobundle.vim 4a3bb7fb323b62f571c22ff15139fe996dc60ac8
NeoBundleLock tagbar 5283bc834a8c39b058d5eef1173e323b23b04fa0
NeoBundleLock vim-airline 256dec6800342c121c1b26dabc06dafb0c91edca
NeoBundleLock Stupid-EasyMotion f2b8f12e8dbf8e47430a4639e9dbce070c53a7dc
NeoBundleLock ctrlp.vim b5d3fe66a58a13d2ff8b6391f4387608496a030f
NeoBundleLock vim-fugitive 0374322ba5d85ae44dd9dc44ef31ca015a59097e
NeoBundleLock gundo.vim 3975ac871565115e3769dc69c06bc88ddc1369af
